
Microsoft Visual Studio Solution File, Format Version 12.00
# Visual Studio 15
VisualStudioVersion = 15.0.28307.271
MinimumVisualStudioVersion = 10.0.40219.1
Project("{FAE04EC0-301F-11D3-BF4B-00C04F79EFBC}") = "LotteryNumberGenerator", "LotteryNumberGenerator\LotteryNumberGenerator.csproj", "{A37222F3-FBCB-4159-BB2D-D445A0C6DEA3}"
EndProject
Project("{FAE04EC0-301F-11D3-BF4B-00C04F79EFBC}") = "LotteryNumberGenerator.Tests", "LotteryNumberGenerator.Tests\LotteryNumberGenerator.Tests.csproj", "{C78ED87A-FD9D-4C13-B3A7-B729D355B767}"
EndProject
Global
	GlobalSection(SolutionConfigurationPlatforms) = preSolution
		Debug|Any CPU = Debug|Any CPU
		Release|Any CPU = Release|Any CPU
	EndGlobalSection
	GlobalSection(ProjectConfigurationPlatforms) = postSolution
		{A37222F3-FBCB-4159-BB2D-D445A0C6DEA3}.Debug|Any CPU.ActiveCfg = Debug|Any CPU
		{A37222F3-FBCB-4159-BB2D-D445A0C6DEA3}.Debug|Any CPU.Build.0 = Debug|Any CPU
		{A37222F3-FBCB-4159-BB2D-D445A0C6DEA3}.Release|Any CPU.ActiveCfg = Release|Any CPU
		{A37222F3-FBCB-4159-BB2D-D445A0C6DEA3}.Release|Any CPU.Build.0 = Release|Any CPU
		{C78ED87A-FD9D-4C13-B3A7-B729D355B767}.Debug|Any CPU.ActiveCfg = Debug|Any CPU
		{C78ED87A-FD9D-4C13-B3A7-B729D355B767}.Debug|Any CPU.Build.0 = Debug|Any CPU
		{C78ED87A-FD9D-4C13-B3A7-B729D355B767}.Release|Any CPU.ActiveCfg = Release|Any CPU
		{C78ED87A-FD9D-4C13-B3A7-B729D355B767}.Release|Any CPU.Build.0 = Release|Any CPU
	EndGlobalSection
	GlobalSection(SolutionProperties) = preSolution
		HideSolutionNode = FALSE
	EndGlobalSection
	GlobalSection(ExtensibilityGlobals) = postSolution
		SolutionGuid = {0AA89D6D-127F-47A8-9E10-F58D1ED0AA3C}
	EndGlobalSection
EndGlobal
